
Microsoft Visual Studio Solution File, Format Version 12.00
# Visual Studio Version 17
VisualStudioVersion = 17.11.35327.3
MinimumVisualStudioVersion = 10.0.40219.1
Project("{FAE04EC0-301F-11D3-BF4B-00C04F79EFBC}") = "WinFormsApp5", "WinFormsApp5\WinFormsApp5.csproj", "{BDEA4B0C-E851-48DB-BB80-BFBBDB2E2254}"
EndProject
Project("{FAE04EC0-301F-11D3-BF4B-00C04F79EFBC}") = "Data", "Data\Data.csproj", "{E954EF26-B3D5-4782-8AA5-6946A77B1354}"
EndProject
Project("{FAE04EC0-301F-11D3-BF4B-00C04F79EFBC}") = "Controllers", "Controllers\Controllers.csproj", "{C9B64AD6-CEF8-4462-BF02-1A2D79C781F5}"
EndProject
Global
	GlobalSection(SolutionConfigurationPlatforms) = preSolution
		Debug|Any CPU = Debug|Any CPU
		Release|Any CPU = Release|Any CPU
	EndGlobalSection
	GlobalSection(ProjectConfigurationPlatforms) = postSolution
		{BDEA4B0C-E851-48DB-BB80-BFBBDB2E2254}.Debug|Any CPU.ActiveCfg = Debug|Any CPU
		{BDEA4B0C-E851-48DB-BB80-BFBBDB2E2254}.Debug|Any CPU.Build.0 = Debug|Any CPU
		{BDEA4B0C-E851-48DB-BB80-BFBBDB2E2254}.Release|Any CPU.ActiveCfg = Release|Any CPU
		{BDEA4B0C-E851-48DB-BB80-BFBBDB2E2254}.Release|Any CPU.Build.0 = Release|Any CPU
		{E954EF26-B3D5-4782-8AA5-6946A77B1354}.Debug|Any CPU.ActiveCfg = Debug|Any CPU
		{E954EF26-B3D5-4782-8AA5-6946A77B1354}.Debug|Any CPU.Build.0 = Debug|Any CPU
		{E954EF26-B3D5-4782-8AA5-6946A77B1354}.Release|Any CPU.ActiveCfg = Release|Any CPU
		{E954EF26-B3D5-4782-8AA5-6946A77B1354}.Release|Any CPU.Build.0 = Release|Any CPU
		{C9B64AD6-CEF8-4462-BF02-1A2D79C781F5}.Debug|Any CPU.ActiveCfg = Debug|Any CPU
		{C9B64AD6-CEF8-4462-BF02-1A2D79C781F5}.Debug|Any CPU.Build.0 = Debug|Any CPU
		{C9B64AD6-CEF8-4462-BF02-1A2D79C781F5}.Release|Any CPU.ActiveCfg = Release|Any CPU
		{C9B64AD6-CEF8-4462-BF02-1A2D79C781F5}.Release|Any CPU.Build.0 = Release|Any CPU
	EndGlobalSection
	GlobalSection(SolutionProperties) = preSolution
		HideSolutionNode = FALSE
	EndGlobalSection
	GlobalSection(ExtensibilityGlobals) = postSolution
		SolutionGuid = {0B186338-FA34-417F-BB84-D641B5D7DEC2}
	EndGlobalSection
EndGlobal
